
Microsoft Visual Studio Solution File, Format Version 12.00
Project("{FAE04EC0-301F-11D3-BF4B-00C04F79EFBC}") = "Recruitment.API", "Recruitment.API\Recruitment.API.csproj", "{9D35550B-A386-42E2-9C38-519E61369850}"
EndProject
Project("{FAE04EC0-301F-11D3-BF4B-00C04F79EFBC}") = "Recruitment.Functions", "Recruitment.Functions\Recruitment.Functions.csproj", "{9DBE26B1-E7B6-49CD-81B2-EBEEBC5D03CD}"
EndProject
Project("{FAE04EC0-301F-11D3-BF4B-00C04F79EFBC}") = "Recruitment.Contracts", "Recruitment.Contracts\Recruitment.Contracts.csproj", "{5BB22BF1-87E6-4712-AE12-F56F072FFC66}"
EndProject
Project("{FAE04EC0-301F-11D3-BF4B-00C04F79EFBC}") = "Recruitment.Tests", "Recruitment.Tests\Recruitment.Tests.csproj", "{E3810064-4AF8-4AF3-82ED-52C9ABA8C03A}"
EndProject
Global
	GlobalSection(SolutionConfigurationPlatforms) = preSolution
		Debug|Any CPU = Debug|Any CPU
		Release|Any CPU = Release|Any CPU
	EndGlobalSection
	GlobalSection(ProjectConfigurationPlatforms) = postSolution
		{9D35550B-A386-42E2-9C38-519E61369850}.Debug|Any CPU.ActiveCfg = Debug|Any CPU
		{9D35550B-A386-42E2-9C38-519E61369850}.Debug|Any CPU.Build.0 = Debug|Any CPU
		{9D35550B-A386-42E2-9C38-519E61369850}.Release|Any CPU.ActiveCfg = Release|Any CPU
		{9D35550B-A386-42E2-9C38-519E61369850}.Release|Any CPU.Build.0 = Release|Any CPU
		{9DBE26B1-E7B6-49CD-81B2-EBEEBC5D03CD}.Debug|Any CPU.ActiveCfg = Debug|Any CPU
		{9DBE26B1-E7B6-49CD-81B2-EBEEBC5D03CD}.Debug|Any CPU.Build.0 = Debug|Any CPU
		{9DBE26B1-E7B6-49CD-81B2-EBEEBC5D03CD}.Release|Any CPU.ActiveCfg = Release|Any CPU
		{9DBE26B1-E7B6-49CD-81B2-EBEEBC5D03CD}.Release|Any CPU.Build.0 = Release|Any CPU
		{5BB22BF1-87E6-4712-AE12-F56F072FFC66}.Debug|Any CPU.ActiveCfg = Debug|Any CPU
		{5BB22BF1-87E6-4712-AE12-F56F072FFC66}.Debug|Any CPU.Build.0 = Debug|Any CPU
		{5BB22BF1-87E6-4712-AE12-F56F072FFC66}.Release|Any CPU.ActiveCfg = Release|Any CPU
		{5BB22BF1-87E6-4712-AE12-F56F072FFC66}.Release|Any CPU.Build.0 = Release|Any CPU
		{E3810064-4AF8-4AF3-82ED-52C9ABA8C03A}.Debug|Any CPU.ActiveCfg = Debug|Any CPU
		{E3810064-4AF8-4AF3-82ED-52C9ABA8C03A}.Debug|Any CPU.Build.0 = Debug|Any CPU
		{E3810064-4AF8-4AF3-82ED-52C9ABA8C03A}.Release|Any CPU.ActiveCfg = Release|Any CPU
		{E3810064-4AF8-4AF3-82ED-52C9ABA8C03A}.Release|Any CPU.Build.0 = Release|Any CPU
	EndGlobalSection
EndGlobal
